
Microsoft Visual Studio Solution File, Format Version 12.00
# Visual Studio Version 17
VisualStudioVersion = 17.14.36603.0 d17.14
MinimumVisualStudioVersion = 10.0.40219.1
Project("{FAE04EC0-301F-11D3-BF4B-00C04F79EFBC}") = "taskManagementBE", "taskManagementBE.csproj", "{6A389689-E762-4EA8-8759-7E5CE987546E}"
EndProject
Global
	GlobalSection(SolutionConfigurationPlatforms) = preSolution
		Debug|Any CPU = Debug|Any CPU
		Release|Any CPU = Release|Any CPU
	EndGlobalSection
	GlobalSection(ProjectConfigurationPlatforms) = postSolution
		{6A389689-E762-4EA8-8759-7E5CE987546E}.Debug|Any CPU.ActiveCfg = Debug|Any CPU
		{6A389689-E762-4EA8-8759-7E5CE987546E}.Debug|Any CPU.Build.0 = Debug|Any CPU
		{6A389689-E762-4EA8-8759-7E5CE987546E}.Release|Any CPU.ActiveCfg = Release|Any CPU
		{6A389689-E762-4EA8-8759-7E5CE987546E}.Release|Any CPU.Build.0 = Release|Any CPU
	EndGlobalSection
	GlobalSection(SolutionProperties) = preSolution
		HideSolutionNode = FALSE
	EndGlobalSection
	GlobalSection(ExtensibilityGlobals) = postSolution
		SolutionGuid = {62471591-1D9A-4BBC-B08E-10906A371338}
	EndGlobalSection
EndGlobal
